
Microsoft Visual Studio Solution File, Format Version 12.00
# Visual Studio Version 17
VisualStudioVersion = 17.5.33502.453
MinimumVisualStudioVersion = 10.0.40219.1
Project("{FAE04EC0-301F-11D3-BF4B-00C04F79EFBC}") = "boruvkuv-alg", "boruvkuv-alg.csproj", "{C42320EE-1A07-4D23-B649-B141A00D905F}"
EndProject
Global
	GlobalSection(SolutionConfigurationPlatforms) = preSolution
		Debug|Any CPU = Debug|Any CPU
		Release|Any CPU = Release|Any CPU
	EndGlobalSection
	GlobalSection(ProjectConfigurationPlatforms) = postSolution
		{C42320EE-1A07-4D23-B649-B141A00D905F}.Debug|Any CPU.ActiveCfg = Debug|Any CPU
		{C42320EE-1A07-4D23-B649-B141A00D905F}.Debug|Any CPU.Build.0 = Debug|Any CPU
		{C42320EE-1A07-4D23-B649-B141A00D905F}.Release|Any CPU.ActiveCfg = Release|Any CPU
		{C42320EE-1A07-4D23-B649-B141A00D905F}.Release|Any CPU.Build.0 = Release|Any CPU
	EndGlobalSection
	GlobalSection(SolutionProperties) = preSolution
		HideSolutionNode = FALSE
	EndGlobalSection
	GlobalSection(ExtensibilityGlobals) = postSolution
		SolutionGuid = {A467007C-766B-4E68-93F5-AD5274B4C2DD}
	EndGlobalSection
EndGlobal
